
Microsoft Visual Studio Solution File, Format Version 12.00
# Visual Studio Version 17
VisualStudioVersion = 17.4.33205.214
MinimumVisualStudioVersion = 10.0.40219.1
Project("{FAE04EC0-301F-11D3-BF4B-00C04F79EFBC}") = "MarketPlace", "MarketPlace\MarketPlace.csproj", "{8C099D07-604B-471C-A810-C7581EB78373}"
EndProject
Project("{FAE04EC0-301F-11D3-BF4B-00C04F79EFBC}") = "Ifood", "Ifood\Ifood.csproj", "{72EE52A9-3A7A-43A6-B8E6-B8A10B05F05E}"
EndProject
Project("{FAE04EC0-301F-11D3-BF4B-00C04F79EFBC}") = "Example", "Example\Example.csproj", "{1328E65C-3A09-48FF-BBAA-9277B57FAEDE}"
EndProject
Project("{FAE04EC0-301F-11D3-BF4B-00C04F79EFBC}") = "GloriaFood", "GloriaFood\GloriaFood.csproj", "{572C537E-0DFB-4B13-9B0D-6918D191C4BC}"
EndProject
Project("{FAE04EC0-301F-11D3-BF4B-00C04F79EFBC}") = "SuperMenu", "SuperMenu\SuperMenu.csproj", "{99E71D2D-C46A-475E-ACA6-DC7B07E82A65}"
EndProject
Project("{FAE04EC0-301F-11D3-BF4B-00C04F79EFBC}") = "Logaroo", "Logaroo\Logaroo.csproj", "{30012C62-CD02-4F82-8FAE-8125778F786D}"
EndProject
Project("{FAE04EC0-301F-11D3-BF4B-00C04F79EFBC}") = "PedZap", "PedZap\PedZap.csproj", "{9A45D340-8699-4FC2-9264-D5514B6D511D}"
EndProject
Project("{FAE04EC0-301F-11D3-BF4B-00C04F79EFBC}") = "DeliveryApp", "DeliveryApp\DeliveryApp.csproj", "{B95F22FB-E688-4A01-946A-5DAF2D5C1457}"
EndProject
Project("{FAE04EC0-301F-11D3-BF4B-00C04F79EFBC}") = "MeuCardapioAi", "MeuCardapioAi\MeuCardapioAi.csproj", "{494A0D9C-E42D-495B-9881-35E09FC454BA}"
EndProject
Project("{FAE04EC0-301F-11D3-BF4B-00C04F79EFBC}") = "AnotaAi", "AnotaAi\AnotaAi.csproj", "{175D27BF-35CE-45B3-B30F-5242110128D1}"
EndProject
Project("{FAE04EC0-301F-11D3-BF4B-00C04F79EFBC}") = "Rappi", "Rappi\Rappi.csproj", "{C3D17FA9-CC22-4A28-A049-2A7AD8164403}"
EndProject
Project("{FAE04EC0-301F-11D3-BF4B-00C04F79EFBC}") = "OnPedido", "OnPedido\OnPedido.csproj", "{F423EA0E-B5C2-4152-AC20-B2DE04B4B1AA}"
EndProject
Project("{FAE04EC0-301F-11D3-BF4B-00C04F79EFBC}") = "Cinddi", "Cinddi\Cinddi.csproj", "{370A32F6-B2A0-4822-B864-7084D3F18AE1}"
EndProject
Project("{FAE04EC0-301F-11D3-BF4B-00C04F79EFBC}") = "DeliveryDireto", "DeliveryDireto\DeliveryDireto.csproj", "{4051BC94-28AC-41C1-8CB9-E254F822A7CC}"
EndProject
Project("{FAE04EC0-301F-11D3-BF4B-00C04F79EFBC}") = "Aipedi", "Aipedi\Aipedi.csproj", "{A7822D3B-963C-44F6-80EC-5F8D40D298CC}"
EndProject
Project("{FAE04EC0-301F-11D3-BF4B-00C04F79EFBC}") = "IDelivery", "IDelivery\IDelivery.csproj", "{C991A94C-63CE-40B2-B3D1-3A61AB0D0080}"
EndProject
Project("{FAE04EC0-301F-11D3-BF4B-00C04F79EFBC}") = "AtivMob", "AtivMob\AtivMob.csproj", "{61BBFA72-07C8-4AF2-9215-DBA55A5EDD45}"
EndProject
Project("{FAE04EC0-301F-11D3-BF4B-00C04F79EFBC}") = "Accon", "Accon\Accon.csproj", "{77DA7553-DD84-43FE-A4C8-C21BC8185A10}"
EndProject
Project("{FAE04EC0-301F-11D3-BF4B-00C04F79EFBC}") = "Goomer", "Goomer\Goomer.csproj", "{A02CADD0-D127-470B-8EB6-D016BC482AE6}"
EndProject
Project("{FAE04EC0-301F-11D3-BF4B-00C04F79EFBC}") = "UberEats", "UberEats\UberEats.csproj", "{DA7501A5-63E5-497D-B643-CC002C4D98FC}"
EndProject
Project("{FAE04EC0-301F-11D3-BF4B-00C04F79EFBC}") = "Aiqfome", "Aiqfome\Aiqfome.csproj", "{61D2230A-5888-49AE-89D1-9C65A625D178}"
EndProject
Project("{FAE04EC0-301F-11D3-BF4B-00C04F79EFBC}") = "Epadoca", "Epadoca\Epadoca.csproj", "{815AC321-6BD3-43C0-BE31-0F5564929FFF}"
EndProject
Project("{FAE04EC0-301F-11D3-BF4B-00C04F79EFBC}") = "Bigdim", "BigDim\Bigdim.csproj", "{6F5C18A0-F29A-4857-B6B6-8B8ADA9F0B22}"
EndProject
Project("{FAE04EC0-301F-11D3-BF4B-00C04F79EFBC}") = "Americanas", "Americanas\Americanas.csproj", "{EC445945-E4DB-47E7-A096-51F985013A42}"
EndProject
Project("{FAE04EC0-301F-11D3-BF4B-00C04F79EFBC}") = "B2Food", "B2Food\B2Food.csproj", "{D791B84B-2181-4076-8655-08F3072F96F6}"
EndProject
Project("{FAE04EC0-301F-11D3-BF4B-00C04F79EFBC}") = "Servit", "Servit\Servit.csproj", "{DD7B2F3A-2797-48A2-AF86-BDE6E490C13D}"
EndProject
Project("{9A19103F-16F7-4668-BE54-9A1E7A4F7556}") = "JotaJa", "JotaJa\JotaJa.csproj", "{E50B2095-11B2-4926-BC46-3B0B6BB99899}"
EndProject
Project("{9A19103F-16F7-4668-BE54-9A1E7A4F7556}") = "CRMBonus", "CRMBonus\CRMBonus.csproj", "{90C857A2-55F0-4314-B9FC-A3C9B40ADD13}"
EndProject
Project("{9A19103F-16F7-4668-BE54-9A1E7A4F7556}") = "CresceVendas", "CresceVendas\CresceVendas.csproj", "{2B375576-E31F-4A9D-90F3-83024A2DAF3D}"
EndProject
Project("{FAE04EC0-301F-11D3-BF4B-00C04F79EFBC}") = "QueroDelivery", "QueroDelivery\QueroDelivery.csproj", "{0BD1A203-8F50-4436-9F29-991A2AF9DBE9}"
EndProject
Global
	GlobalSection(SolutionConfigurationPlatforms) = preSolution
		Debug|Any CPU = Debug|Any CPU
		Release|Any CPU = Release|Any CPU
	EndGlobalSection
	GlobalSection(ProjectConfigurationPlatforms) = postSolution
		{8C099D07-604B-471C-A810-C7581EB78373}.Debug|Any CPU.ActiveCfg = Debug|Any CPU
		{8C099D07-604B-471C-A810-C7581EB78373}.Debug|Any CPU.Build.0 = Debug|Any CPU
		{8C099D07-604B-471C-A810-C7581EB78373}.Release|Any CPU.ActiveCfg = Release|Any CPU
		{8C099D07-604B-471C-A810-C7581EB78373}.Release|Any CPU.Build.0 = Release|Any CPU
		{72EE52A9-3A7A-43A6-B8E6-B8A10B05F05E}.Debug|Any CPU.ActiveCfg = Debug|Any CPU
		{72EE52A9-3A7A-43A6-B8E6-B8A10B05F05E}.Debug|Any CPU.Build.0 = Debug|Any CPU
		{72EE52A9-3A7A-43A6-B8E6-B8A10B05F05E}.Release|Any CPU.ActiveCfg = Release|Any CPU
		{72EE52A9-3A7A-43A6-B8E6-B8A10B05F05E}.Release|Any CPU.Build.0 = Release|Any CPU
		{1328E65C-3A09-48FF-BBAA-9277B57FAEDE}.Debug|Any CPU.ActiveCfg = Debug|Any CPU
		{1328E65C-3A09-48FF-BBAA-9277B57FAEDE}.Debug|Any CPU.Build.0 = Debug|Any CPU
		{1328E65C-3A09-48FF-BBAA-9277B57FAEDE}.Release|Any CPU.ActiveCfg = Release|Any CPU
		{1328E65C-3A09-48FF-BBAA-9277B57FAEDE}.Release|Any CPU.Build.0 = Release|Any CPU
		{572C537E-0DFB-4B13-9B0D-6918D191C4BC}.Debug|Any CPU.ActiveCfg = Debug|Any CPU
		{572C537E-0DFB-4B13-9B0D-6918D191C4BC}.Debug|Any CPU.Build.0 = Debug|Any CPU
		{572C537E-0DFB-4B13-9B0D-6918D191C4BC}.Release|Any CPU.ActiveCfg = Release|Any CPU
		{572C537E-0DFB-4B13-9B0D-6918D191C4BC}.Release|Any CPU.Build.0 = Release|Any CPU
		{99E71D2D-C46A-475E-ACA6-DC7B07E82A65}.Debug|Any CPU.ActiveCfg = Debug|Any CPU
		{99E71D2D-C46A-475E-ACA6-DC7B07E82A65}.Debug|Any CPU.Build.0 = Debug|Any CPU
		{99E71D2D-C46A-475E-ACA6-DC7B07E82A65}.Release|Any CPU.ActiveCfg = Release|Any CPU
		{99E71D2D-C46A-475E-ACA6-DC7B07E82A65}.Release|Any CPU.Build.0 = Release|Any CPU
		{30012C62-CD02-4F82-8FAE-8125778F786D}.Debug|Any CPU.ActiveCfg = Debug|Any CPU
		{30012C62-CD02-4F82-8FAE-8125778F786D}.Debug|Any CPU.Build.0 = Debug|Any CPU
		{30012C62-CD02-4F82-8FAE-8125778F786D}.Release|Any CPU.ActiveCfg = Release|Any CPU
		{30012C62-CD02-4F82-8FAE-8125778F786D}.Release|Any CPU.Build.0 = Release|Any CPU
		{9A45D340-8699-4FC2-9264-D5514B6D511D}.Debug|Any CPU.ActiveCfg = Debug|Any CPU
		{9A45D340-8699-4FC2-9264-D5514B6D511D}.Debug|Any CPU.Build.0 = Debug|Any CPU
		{9A45D340-8699-4FC2-9264-D5514B6D511D}.Release|Any CPU.ActiveCfg = Release|Any CPU
		{9A45D340-8699-4FC2-9264-D5514B6D511D}.Release|Any CPU.Build.0 = Release|Any CPU
		{B95F22FB-E688-4A01-946A-5DAF2D5C1457}.Debug|Any CPU.ActiveCfg = Debug|Any CPU
		{B95F22FB-E688-4A01-946A-5DAF2D5C1457}.Debug|Any CPU.Build.0 = Debug|Any CPU
		{B95F22FB-E688-4A01-946A-5DAF2D5C1457}.Release|Any CPU.ActiveCfg = Release|Any CPU
		{B95F22FB-E688-4A01-946A-5DAF2D5C1457}.Release|Any CPU.Build.0 = Release|Any CPU
		{494A0D9C-E42D-495B-9881-35E09FC454BA}.Debug|Any CPU.ActiveCfg = Debug|Any CPU
		{494A0D9C-E42D-495B-9881-35E09FC454BA}.Debug|Any CPU.Build.0 = Debug|Any CPU
		{494A0D9C-E42D-495B-9881-35E09FC454BA}.Release|Any CPU.ActiveCfg = Release|Any CPU
		{494A0D9C-E42D-495B-9881-35E09FC454BA}.Release|Any CPU.Build.0 = Release|Any CPU
		{175D27BF-35CE-45B3-B30F-5242110128D1}.Debug|Any CPU.ActiveCfg = Debug|Any CPU
		{175D27BF-35CE-45B3-B30F-5242110128D1}.Debug|Any CPU.Build.0 = Debug|Any CPU
		{175D27BF-35CE-45B3-B30F-5242110128D1}.Release|Any CPU.ActiveCfg = Release|Any CPU
		{175D27BF-35CE-45B3-B30F-5242110128D1}.Release|Any CPU.Build.0 = Release|Any CPU
		{C3D17FA9-CC22-4A28-A049-2A7AD8164403}.Debug|Any CPU.ActiveCfg = Debug|Any CPU
		{C3D17FA9-CC22-4A28-A049-2A7AD8164403}.Debug|Any CPU.Build.0 = Debug|Any CPU
		{C3D17FA9-CC22-4A28-A049-2A7AD8164403}.Release|Any CPU.ActiveCfg = Release|Any CPU
		{C3D17FA9-CC22-4A28-A049-2A7AD8164403}.Release|Any CPU.Build.0 = Release|Any CPU
		{F423EA0E-B5C2-4152-AC20-B2DE04B4B1AA}.Debug|Any CPU.ActiveCfg = Debug|Any CPU
		{F423EA0E-B5C2-4152-AC20-B2DE04B4B1AA}.Debug|Any CPU.Build.0 = Debug|Any CPU
		{F423EA0E-B5C2-4152-AC20-B2DE04B4B1AA}.Release|Any CPU.ActiveCfg = Release|Any CPU
		{F423EA0E-B5C2-4152-AC20-B2DE04B4B1AA}.Release|Any CPU.Build.0 = Release|Any CPU
		{370A32F6-B2A0-4822-B864-7084D3F18AE1}.Debug|Any CPU.ActiveCfg = Debug|Any CPU
		{370A32F6-B2A0-4822-B864-7084D3F18AE1}.Debug|Any CPU.Build.0 = Debug|Any CPU
		{370A32F6-B2A0-4822-B864-7084D3F18AE1}.Release|Any CPU.ActiveCfg = Release|Any CPU
		{370A32F6-B2A0-4822-B864-7084D3F18AE1}.Release|Any CPU.Build.0 = Release|Any CPU
		{4051BC94-28AC-41C1-8CB9-E254F822A7CC}.Debug|Any CPU.ActiveCfg = Debug|Any CPU
		{4051BC94-28AC-41C1-8CB9-E254F822A7CC}.Debug|Any CPU.Build.0 = Debug|Any CPU
		{4051BC94-28AC-41C1-8CB9-E254F822A7CC}.Release|Any CPU.ActiveCfg = Release|Any CPU
		{4051BC94-28AC-41C1-8CB9-E254F822A7CC}.Release|Any CPU.Build.0 = Release|Any CPU
		{A7822D3B-963C-44F6-80EC-5F8D40D298CC}.Debug|Any CPU.ActiveCfg = Debug|Any CPU
		{A7822D3B-963C-44F6-80EC-5F8D40D298CC}.Debug|Any CPU.Build.0 = Debug|Any CPU
		{A7822D3B-963C-44F6-80EC-5F8D40D298CC}.Release|Any CPU.ActiveCfg = Release|Any CPU
		{A7822D3B-963C-44F6-80EC-5F8D40D298CC}.Release|Any CPU.Build.0 = Release|Any CPU
		{C991A94C-63CE-40B2-B3D1-3A61AB0D0080}.Debug|Any CPU.ActiveCfg = Debug|Any CPU
		{C991A94C-63CE-40B2-B3D1-3A61AB0D0080}.Debug|Any CPU.Build.0 = Debug|Any CPU
		{C991A94C-63CE-40B2-B3D1-3A61AB0D0080}.Release|Any CPU.ActiveCfg = Release|Any CPU
		{C991A94C-63CE-40B2-B3D1-3A61AB0D0080}.Release|Any CPU.Build.0 = Release|Any CPU
		{61BBFA72-07C8-4AF2-9215-DBA55A5EDD45}.Debug|Any CPU.ActiveCfg = Debug|Any CPU
		{61BBFA72-07C8-4AF2-9215-DBA55A5EDD45}.Debug|Any CPU.Build.0 = Debug|Any CPU
		{61BBFA72-07C8-4AF2-9215-DBA55A5EDD45}.Release|Any CPU.ActiveCfg = Release|Any CPU
		{61BBFA72-07C8-4AF2-9215-DBA55A5EDD45}.Release|Any CPU.Build.0 = Release|Any CPU
		{77DA7553-DD84-43FE-A4C8-C21BC8185A10}.Debug|Any CPU.ActiveCfg = Debug|Any CPU
		{77DA7553-DD84-43FE-A4C8-C21BC8185A10}.Debug|Any CPU.Build.0 = Debug|Any CPU
		{77DA7553-DD84-43FE-A4C8-C21BC8185A10}.Release|Any CPU.ActiveCfg = Release|Any CPU
		{77DA7553-DD84-43FE-A4C8-C21BC8185A10}.Release|Any CPU.Build.0 = Release|Any CPU
		{A02CADD0-D127-470B-8EB6-D016BC482AE6}.Debug|Any CPU.ActiveCfg = Debug|Any CPU
		{A02CADD0-D127-470B-8EB6-D016BC482AE6}.Debug|Any CPU.Build.0 = Debug|Any CPU
		{A02CADD0-D127-470B-8EB6-D016BC482AE6}.Release|Any CPU.ActiveCfg = Release|Any CPU
		{A02CADD0-D127-470B-8EB6-D016BC482AE6}.Release|Any CPU.Build.0 = Release|Any CPU
		{DA7501A5-63E5-497D-B643-CC002C4D98FC}.Debug|Any CPU.ActiveCfg = Debug|Any CPU
		{DA7501A5-63E5-497D-B643-CC002C4D98FC}.Debug|Any CPU.Build.0 = Debug|Any CPU
		{DA7501A5-63E5-497D-B643-CC002C4D98FC}.Release|Any CPU.ActiveCfg = Release|Any CPU
		{DA7501A5-63E5-497D-B643-CC002C4D98FC}.Release|Any CPU.Build.0 = Release|Any CPU
		{61D2230A-5888-49AE-89D1-9C65A625D178}.Debug|Any CPU.ActiveCfg = Debug|Any CPU
		{61D2230A-5888-49AE-89D1-9C65A625D178}.Debug|Any CPU.Build.0 = Debug|Any CPU
		{61D2230A-5888-49AE-89D1-9C65A625D178}.Release|Any CPU.ActiveCfg = Release|Any CPU
		{61D2230A-5888-49AE-89D1-9C65A625D178}.Release|Any CPU.Build.0 = Release|Any CPU
		{815AC321-6BD3-43C0-BE31-0F5564929FFF}.Debug|Any CPU.ActiveCfg = Debug|Any CPU
		{815AC321-6BD3-43C0-BE31-0F5564929FFF}.Debug|Any CPU.Build.0 = Debug|Any CPU
		{815AC321-6BD3-43C0-BE31-0F5564929FFF}.Release|Any CPU.ActiveCfg = Release|Any CPU
		{815AC321-6BD3-43C0-BE31-0F5564929FFF}.Release|Any CPU.Build.0 = Release|Any CPU
		{6F5C18A0-F29A-4857-B6B6-8B8ADA9F0B22}.Debug|Any CPU.ActiveCfg = Debug|Any CPU
		{6F5C18A0-F29A-4857-B6B6-8B8ADA9F0B22}.Debug|Any CPU.Build.0 = Debug|Any CPU
		{6F5C18A0-F29A-4857-B6B6-8B8ADA9F0B22}.Release|Any CPU.ActiveCfg = Release|Any CPU
		{6F5C18A0-F29A-4857-B6B6-8B8ADA9F0B22}.Release|Any CPU.Build.0 = Release|Any CPU
		{EC445945-E4DB-47E7-A096-51F985013A42}.Debug|Any CPU.ActiveCfg = Debug|Any CPU
		{EC445945-E4DB-47E7-A096-51F985013A42}.Debug|Any CPU.Build.0 = Debug|Any CPU
		{EC445945-E4DB-47E7-A096-51F985013A42}.Release|Any CPU.ActiveCfg = Release|Any CPU
		{EC445945-E4DB-47E7-A096-51F985013A42}.Release|Any CPU.Build.0 = Release|Any CPU
		{D791B84B-2181-4076-8655-08F3072F96F6}.Debug|Any CPU.ActiveCfg = Debug|Any CPU
		{D791B84B-2181-4076-8655-08F3072F96F6}.Debug|Any CPU.Build.0 = Debug|Any CPU
		{D791B84B-2181-4076-8655-08F3072F96F6}.Release|Any CPU.ActiveCfg = Release|Any CPU
		{D791B84B-2181-4076-8655-08F3072F96F6}.Release|Any CPU.Build.0 = Release|Any CPU
		{DD7B2F3A-2797-48A2-AF86-BDE6E490C13D}.Debug|Any CPU.ActiveCfg = Debug|Any CPU
		{DD7B2F3A-2797-48A2-AF86-BDE6E490C13D}.Debug|Any CPU.Build.0 = Debug|Any CPU
		{DD7B2F3A-2797-48A2-AF86-BDE6E490C13D}.Release|Any CPU.ActiveCfg = Release|Any CPU
		{DD7B2F3A-2797-48A2-AF86-BDE6E490C13D}.Release|Any CPU.Build.0 = Release|Any CPU
		{E50B2095-11B2-4926-BC46-3B0B6BB99899}.Debug|Any CPU.ActiveCfg = Debug|Any CPU
		{E50B2095-11B2-4926-BC46-3B0B6BB99899}.Debug|Any CPU.Build.0 = Debug|Any CPU
		{E50B2095-11B2-4926-BC46-3B0B6BB99899}.Release|Any CPU.ActiveCfg = Release|Any CPU
		{E50B2095-11B2-4926-BC46-3B0B6BB99899}.Release|Any CPU.Build.0 = Release|Any CPU
		{90C857A2-55F0-4314-B9FC-A3C9B40ADD13}.Debug|Any CPU.ActiveCfg = Debug|Any CPU
		{90C857A2-55F0-4314-B9FC-A3C9B40ADD13}.Debug|Any CPU.Build.0 = Debug|Any CPU
		{90C857A2-55F0-4314-B9FC-A3C9B40ADD13}.Release|Any CPU.ActiveCfg = Release|Any CPU
		{90C857A2-55F0-4314-B9FC-A3C9B40ADD13}.Release|Any CPU.Build.0 = Release|Any CPU
		{2B375576-E31F-4A9D-90F3-83024A2DAF3D}.Debug|Any CPU.ActiveCfg = Debug|Any CPU
		{2B375576-E31F-4A9D-90F3-83024A2DAF3D}.Debug|Any CPU.Build.0 = Debug|Any CPU
		{2B375576-E31F-4A9D-90F3-83024A2DAF3D}.Release|Any CPU.ActiveCfg = Release|Any CPU
		{2B375576-E31F-4A9D-90F3-83024A2DAF3D}.Release|Any CPU.Build.0 = Release|Any CPU
		{0BD1A203-8F50-4436-9F29-991A2AF9DBE9}.Debug|Any CPU.ActiveCfg = Debug|Any CPU
		{0BD1A203-8F50-4436-9F29-991A2AF9DBE9}.Debug|Any CPU.Build.0 = Debug|Any CPU
		{0BD1A203-8F50-4436-9F29-991A2AF9DBE9}.Release|Any CPU.ActiveCfg = Release|Any CPU
		{0BD1A203-8F50-4436-9F29-991A2AF9DBE9}.Release|Any CPU.Build.0 = Release|Any CPU
	EndGlobalSection
	GlobalSection(SolutionProperties) = preSolution
		HideSolutionNode = FALSE
	EndGlobalSection
	GlobalSection(ExtensibilityGlobals) = postSolution
		SolutionGuid = {4B54B1CF-2439-4194-99E8-06694A7CC667}
	EndGlobalSection
EndGlobal
