
Microsoft Visual Studio Solution File, Format Version 12.00
# Visual Studio Version 16
VisualStudioVersion = 16.0.29613.14
MinimumVisualStudioVersion = 10.0.40219.1
Project("{FAE04EC0-301F-11D3-BF4B-00C04F79EFBC}") = "MarketPlace", "MarketPlace\MarketPlace.csproj", "{8C099D07-604B-471C-A810-C7581EB78373}"
EndProject
Project("{FAE04EC0-301F-11D3-BF4B-00C04F79EFBC}") = "Ifood", "Ifood\Ifood.csproj", "{72EE52A9-3A7A-43A6-B8E6-B8A10B05F05E}"
EndProject
Project("{FAE04EC0-301F-11D3-BF4B-00C04F79EFBC}") = "Example", "Example\Example.csproj", "{1328E65C-3A09-48FF-BBAA-9277B57FAEDE}"
EndProject
Project("{FAE04EC0-301F-11D3-BF4B-00C04F79EFBC}") = "GloriaFood", "GloriaFood\GloriaFood.csproj", "{572C537E-0DFB-4B13-9B0D-6918D191C4BC}"
EndProject
Project("{FAE04EC0-301F-11D3-BF4B-00C04F79EFBC}") = "SuperMenu", "SuperMenu\SuperMenu.csproj", "{99E71D2D-C46A-475E-ACA6-DC7B07E82A65}"
EndProject
Project("{FAE04EC0-301F-11D3-BF4B-00C04F79EFBC}") = "Logaroo", "Logaroo\Logaroo.csproj", "{30012C62-CD02-4F82-8FAE-8125778F786D}"
EndProject
Project("{FAE04EC0-301F-11D3-BF4B-00C04F79EFBC}") = "PedZap", "PedZap\PedZap.csproj", "{9A45D340-8699-4FC2-9264-D5514B6D511D}"
EndProject
Project("{FAE04EC0-301F-11D3-BF4B-00C04F79EFBC}") = "DeliveryApp", "DeliveryApp\DeliveryApp.csproj", "{B95F22FB-E688-4A01-946A-5DAF2D5C1457}"
EndProject
Project("{FAE04EC0-301F-11D3-BF4B-00C04F79EFBC}") = "MeuCardapioAi", "MeuCardapioAi\MeuCardapioAi.csproj", "{494A0D9C-E42D-495B-9881-35E09FC454BA}"
EndProject
Project("{FAE04EC0-301F-11D3-BF4B-00C04F79EFBC}") = "AnotaAi", "AnotaAi\AnotaAi.csproj", "{175D27BF-35CE-45B3-B30F-5242110128D1}"
EndProject
Project("{FAE04EC0-301F-11D3-BF4B-00C04F79EFBC}") = "Rappi", "Rappi\Rappi.csproj", "{C3D17FA9-CC22-4A28-A049-2A7AD8164403}"
EndProject
Project("{FAE04EC0-301F-11D3-BF4B-00C04F79EFBC}") = "OnPedido", "OnPedido\OnPedido.csproj", "{F423EA0E-B5C2-4152-AC20-B2DE04B4B1AA}"
EndProject
Project("{FAE04EC0-301F-11D3-BF4B-00C04F79EFBC}") = "Cinddi", "Cinddi\Cinddi.csproj", "{370A32F6-B2A0-4822-B864-7084D3F18AE1}"
EndProject
Project("{FAE04EC0-301F-11D3-BF4B-00C04F79EFBC}") = "DeliveryDireto", "DeliveryDireto\DeliveryDireto.csproj", "{4051BC94-28AC-41C1-8CB9-E254F822A7CC}"
EndProject
Project("{FAE04EC0-301F-11D3-BF4B-00C04F79EFBC}") = "PedreiroDigital", "PedreiroDigital\PedreiroDigital.csproj", "{A7822D3B-963C-44F6-80EC-5F8D40D298CC}"
EndProject
Project("{FAE04EC0-301F-11D3-BF4B-00C04F79EFBC}") = "IDelivery", "IDelivery\IDelivery.csproj", "{C991A94C-63CE-40B2-B3D1-3A61AB0D0080}"
EndProject
Global
	GlobalSection(SolutionConfigurationPlatforms) = preSolution
		Debug|Any CPU = Debug|Any CPU
		Release|Any CPU = Release|Any CPU
	EndGlobalSection
	GlobalSection(ProjectConfigurationPlatforms) = postSolution
		{8C099D07-604B-471C-A810-C7581EB78373}.Debug|Any CPU.ActiveCfg = Debug|Any CPU
		{8C099D07-604B-471C-A810-C7581EB78373}.Debug|Any CPU.Build.0 = Debug|Any CPU
		{8C099D07-604B-471C-A810-C7581EB78373}.Release|Any CPU.ActiveCfg = Release|Any CPU
		{8C099D07-604B-471C-A810-C7581EB78373}.Release|Any CPU.Build.0 = Release|Any CPU
		{72EE52A9-3A7A-43A6-B8E6-B8A10B05F05E}.Debug|Any CPU.ActiveCfg = Debug|Any CPU
		{72EE52A9-3A7A-43A6-B8E6-B8A10B05F05E}.Debug|Any CPU.Build.0 = Debug|Any CPU
		{72EE52A9-3A7A-43A6-B8E6-B8A10B05F05E}.Release|Any CPU.ActiveCfg = Release|Any CPU
		{72EE52A9-3A7A-43A6-B8E6-B8A10B05F05E}.Release|Any CPU.Build.0 = Release|Any CPU
		{1328E65C-3A09-48FF-BBAA-9277B57FAEDE}.Debug|Any CPU.ActiveCfg = Debug|Any CPU
		{1328E65C-3A09-48FF-BBAA-9277B57FAEDE}.Debug|Any CPU.Build.0 = Debug|Any CPU
		{1328E65C-3A09-48FF-BBAA-9277B57FAEDE}.Release|Any CPU.ActiveCfg = Release|Any CPU
		{1328E65C-3A09-48FF-BBAA-9277B57FAEDE}.Release|Any CPU.Build.0 = Release|Any CPU
		{572C537E-0DFB-4B13-9B0D-6918D191C4BC}.Debug|Any CPU.ActiveCfg = Debug|Any CPU
		{572C537E-0DFB-4B13-9B0D-6918D191C4BC}.Debug|Any CPU.Build.0 = Debug|Any CPU
		{572C537E-0DFB-4B13-9B0D-6918D191C4BC}.Release|Any CPU.ActiveCfg = Release|Any CPU
		{572C537E-0DFB-4B13-9B0D-6918D191C4BC}.Release|Any CPU.Build.0 = Release|Any CPU
		{99E71D2D-C46A-475E-ACA6-DC7B07E82A65}.Debug|Any CPU.ActiveCfg = Debug|Any CPU
		{99E71D2D-C46A-475E-ACA6-DC7B07E82A65}.Debug|Any CPU.Build.0 = Debug|Any CPU
		{99E71D2D-C46A-475E-ACA6-DC7B07E82A65}.Release|Any CPU.ActiveCfg = Release|Any CPU
		{99E71D2D-C46A-475E-ACA6-DC7B07E82A65}.Release|Any CPU.Build.0 = Release|Any CPU
		{30012C62-CD02-4F82-8FAE-8125778F786D}.Debug|Any CPU.ActiveCfg = Debug|Any CPU
		{30012C62-CD02-4F82-8FAE-8125778F786D}.Debug|Any CPU.Build.0 = Debug|Any CPU
		{30012C62-CD02-4F82-8FAE-8125778F786D}.Release|Any CPU.ActiveCfg = Release|Any CPU
		{30012C62-CD02-4F82-8FAE-8125778F786D}.Release|Any CPU.Build.0 = Release|Any CPU
		{9A45D340-8699-4FC2-9264-D5514B6D511D}.Debug|Any CPU.ActiveCfg = Debug|Any CPU
		{9A45D340-8699-4FC2-9264-D5514B6D511D}.Debug|Any CPU.Build.0 = Debug|Any CPU
		{9A45D340-8699-4FC2-9264-D5514B6D511D}.Release|Any CPU.ActiveCfg = Release|Any CPU
		{9A45D340-8699-4FC2-9264-D5514B6D511D}.Release|Any CPU.Build.0 = Release|Any CPU
		{B95F22FB-E688-4A01-946A-5DAF2D5C1457}.Debug|Any CPU.ActiveCfg = Debug|Any CPU
		{B95F22FB-E688-4A01-946A-5DAF2D5C1457}.Debug|Any CPU.Build.0 = Debug|Any CPU
		{B95F22FB-E688-4A01-946A-5DAF2D5C1457}.Release|Any CPU.ActiveCfg = Release|Any CPU
		{B95F22FB-E688-4A01-946A-5DAF2D5C1457}.Release|Any CPU.Build.0 = Release|Any CPU
		{494A0D9C-E42D-495B-9881-35E09FC454BA}.Debug|Any CPU.ActiveCfg = Debug|Any CPU
		{494A0D9C-E42D-495B-9881-35E09FC454BA}.Debug|Any CPU.Build.0 = Debug|Any CPU
		{494A0D9C-E42D-495B-9881-35E09FC454BA}.Release|Any CPU.ActiveCfg = Release|Any CPU
		{494A0D9C-E42D-495B-9881-35E09FC454BA}.Release|Any CPU.Build.0 = Release|Any CPU
		{175D27BF-35CE-45B3-B30F-5242110128D1}.Debug|Any CPU.ActiveCfg = Debug|Any CPU
		{175D27BF-35CE-45B3-B30F-5242110128D1}.Debug|Any CPU.Build.0 = Debug|Any CPU
		{175D27BF-35CE-45B3-B30F-5242110128D1}.Release|Any CPU.ActiveCfg = Release|Any CPU
		{175D27BF-35CE-45B3-B30F-5242110128D1}.Release|Any CPU.Build.0 = Release|Any CPU
		{C3D17FA9-CC22-4A28-A049-2A7AD8164403}.Debug|Any CPU.ActiveCfg = Debug|Any CPU
		{C3D17FA9-CC22-4A28-A049-2A7AD8164403}.Debug|Any CPU.Build.0 = Debug|Any CPU
		{C3D17FA9-CC22-4A28-A049-2A7AD8164403}.Release|Any CPU.ActiveCfg = Release|Any CPU
		{C3D17FA9-CC22-4A28-A049-2A7AD8164403}.Release|Any CPU.Build.0 = Release|Any CPU
		{F423EA0E-B5C2-4152-AC20-B2DE04B4B1AA}.Debug|Any CPU.ActiveCfg = Debug|Any CPU
		{F423EA0E-B5C2-4152-AC20-B2DE04B4B1AA}.Debug|Any CPU.Build.0 = Debug|Any CPU
		{F423EA0E-B5C2-4152-AC20-B2DE04B4B1AA}.Release|Any CPU.ActiveCfg = Release|Any CPU
		{F423EA0E-B5C2-4152-AC20-B2DE04B4B1AA}.Release|Any CPU.Build.0 = Release|Any CPU
		{370A32F6-B2A0-4822-B864-7084D3F18AE1}.Debug|Any CPU.ActiveCfg = Debug|Any CPU
		{370A32F6-B2A0-4822-B864-7084D3F18AE1}.Debug|Any CPU.Build.0 = Debug|Any CPU
		{370A32F6-B2A0-4822-B864-7084D3F18AE1}.Release|Any CPU.ActiveCfg = Release|Any CPU
		{370A32F6-B2A0-4822-B864-7084D3F18AE1}.Release|Any CPU.Build.0 = Release|Any CPU
		{4051BC94-28AC-41C1-8CB9-E254F822A7CC}.Debug|Any CPU.ActiveCfg = Debug|Any CPU
		{4051BC94-28AC-41C1-8CB9-E254F822A7CC}.Debug|Any CPU.Build.0 = Debug|Any CPU
		{4051BC94-28AC-41C1-8CB9-E254F822A7CC}.Release|Any CPU.ActiveCfg = Release|Any CPU
		{4051BC94-28AC-41C1-8CB9-E254F822A7CC}.Release|Any CPU.Build.0 = Release|Any CPU
		{A7822D3B-963C-44F6-80EC-5F8D40D298CC}.Debug|Any CPU.ActiveCfg = Debug|Any CPU
		{A7822D3B-963C-44F6-80EC-5F8D40D298CC}.Debug|Any CPU.Build.0 = Debug|Any CPU
		{A7822D3B-963C-44F6-80EC-5F8D40D298CC}.Release|Any CPU.ActiveCfg = Release|Any CPU
		{A7822D3B-963C-44F6-80EC-5F8D40D298CC}.Release|Any CPU.Build.0 = Release|Any CPU
		{C991A94C-63CE-40B2-B3D1-3A61AB0D0080}.Debug|Any CPU.ActiveCfg = Debug|Any CPU
		{C991A94C-63CE-40B2-B3D1-3A61AB0D0080}.Debug|Any CPU.Build.0 = Debug|Any CPU
		{C991A94C-63CE-40B2-B3D1-3A61AB0D0080}.Release|Any CPU.ActiveCfg = Release|Any CPU
		{C991A94C-63CE-40B2-B3D1-3A61AB0D0080}.Release|Any CPU.Build.0 = Release|Any CPU
	EndGlobalSection
	GlobalSection(SolutionProperties) = preSolution
		HideSolutionNode = FALSE
	EndGlobalSection
	GlobalSection(ExtensibilityGlobals) = postSolution
		SolutionGuid = {4B54B1CF-2439-4194-99E8-06694A7CC667}
	EndGlobalSection
EndGlobal
